// !$*UTF8*$!
{
	archiveVersion = 1;
	classes = {
	};
	objectVersion = 55;
	objects = {

/* Begin PBXBuildFile section */
		D9BF3E132733789300BFF812 /* AppDelegate.swift in Sources */ = {isa = PBXBuildFile; fileRef = D9BF3E122733789300BFF812 /* AppDelegate.swift */; };
		D9BF3E192733789300BFF812 /* GameScene.swift in Sources */ = {isa = PBXBuildFile; fileRef = D9BF3E182733789300BFF812 /* GameScene.swift */; };
		D9BF3E1B2733789300BFF812 /* GameViewController.swift in Sources */ = {isa = PBXBuildFile; fileRef = D9BF3E1A2733789300BFF812 /* GameViewController.swift */; };
		D9BF3E1E2733789300BFF812 /* Main.storyboard in Resources */ = {isa = PBXBuildFile; fileRef = D9BF3E1C2733789300BFF812 /* Main.storyboard */; };
		D9BF3E202733789500BFF812 /* Assets.xcassets in Resources */ = {isa = PBXBuildFile; fileRef = D9BF3E1F2733789500BFF812 /* Assets.xcassets */; };
		D9BF3E232733789500BFF812 /* LaunchScreen.storyboard in Resources */ = {isa = PBXBuildFile; fileRef = D9BF3E212733789500BFF812 /* LaunchScreen.storyboard */; };
		D9BF3E2D2733789500BFF812 /* MovingManGameTests.swift in Sources */ = {isa = PBXBuildFile; fileRef = D9BF3E2C2733789500BFF812 /* MovingManGameTests.swift */; };
		D9BF3E372733789500BFF812 /* MovingManGameUITests.swift in Sources */ = {isa = PBXBuildFile; fileRef = D9BF3E362733789500BFF812 /* MovingManGameUITests.swift */; };
		D9BF3E392733789500BFF812 /* MovingManGameUITestsLaunchTests.swift in Sources */ = {isa = PBXBuildFile; fileRef = D9BF3E382733789500BFF812 /* MovingManGameUITestsLaunchTests.swift */; };
		D9CAA36C2738B8F4009922BF /* FirstLevel.sks in Resources */ = {isa = PBXBuildFile; fileRef = D9CAA36B2738B8F4009922BF /* FirstLevel.sks */; };
		D9CAA3702738BD9D009922BF /* TileSets.sks in Resources */ = {isa = PBXBuildFile; fileRef = D9CAA36F2738BD9D009922BF /* TileSets.sks */; };
/* End PBXBuildFile section */

/* Begin PBXContainerItemProxy section */
		D9BF3E292733789500BFF812 /* PBXContainerItemProxy */ = {
			isa = PBXContainerItemProxy;
			containerPortal = D9BF3E072733789300BFF812 /* Project object */;
			proxyType = 1;
			remoteGlobalIDString = D9BF3E0E2733789300BFF812;
			remoteInfo = MovingManGame;
		};
		D9BF3E332733789500BFF812 /* PBXContainerItemProxy */ = {
			isa = PBXContainerItemProxy;
			containerPortal = D9BF3E072733789300BFF812 /* Project object */;
			proxyType = 1;
			remoteGlobalIDString = D9BF3E0E2733789300BFF812;
			remoteInfo = MovingManGame;
		};
/* End PBXContainerItemProxy section */

/* Begin PBXFileReference section */
		D9BF3E0F2733789300BFF812 /* MovingManGame.app */ = {isa = PBXFileReference; explicitFileType = wrapper.application; includeInIndex = 0; path = MovingManGame.app; sourceTree = BUILT_PRODUCTS_DIR; };
		D9BF3E122733789300BFF812 /* AppDelegate.swift */ = {isa = PBXFileReference; lastKnownFileType = sourcecode.swift; path = AppDelegate.swift; sourceTree = "<group>"; };
		D9BF3E182733789300BFF812 /* GameScene.swift */ = {isa = PBXFileReference; lastKnownFileType = sourcecode.swift; path = GameScene.swift; sourceTree = "<group>"; };
		D9BF3E1A2733789300BFF812 /* GameViewController.swift */ = {isa = PBXFileReference; lastKnownFileType = sourcecode.swift; path = GameViewController.swift; sourceTree = "<group>"; };
		D9BF3E1D2733789300BFF812 /* Base */ = {isa = PBXFileReference; lastKnownFileType = file.storyboard; name = Base; path = Base.lproj/Main.storyboard; sourceTree = "<group>"; };
		D9BF3E1F2733789500BFF812 /* Assets.xcassets */ = {isa = PBXFileReference; lastKnownFileType = folder.assetcatalog; path = Assets.xcassets; sourceTree = "<group>"; };
		D9BF3E222733789500BFF812 /* Base */ = {isa = PBXFileReference; lastKnownFileType = file.storyboard; name = Base; path = Base.lproj/LaunchScreen.storyboard; sourceTree = "<group>"; };
		D9BF3E282733789500BFF812 /* MovingManGameTests.xctest */ = {isa = PBXFileReference; explicitFileType = wrapper.cfbundle; includeInIndex = 0; path = MovingManGameTests.xctest; sourceTree = BUILT_PRODUCTS_DIR; };
		D9BF3E2C2733789500BFF812 /* MovingManGameTests.swift */ = {isa = PBXFileReference; lastKnownFileType = sourcecode.swift; path = MovingManGameTests.swift; sourceTree = "<group>"; };
		D9BF3E322733789500BFF812 /* MovingManGameUITests.xctest */ = {isa = PBXFileReference; explicitFileType = wrapper.cfbundle; includeInIndex = 0; path = MovingManGameUITests.xctest; sourceTree = BUILT_PRODUCTS_DIR; };
		D9BF3E362733789500BFF812 /* MovingManGameUITests.swift */ = {isa = PBXFileReference; lastKnownFileType = sourcecode.swift; path = MovingManGameUITests.swift; sourceTree = "<group>"; };
		D9BF3E382733789500BFF812 /* MovingManGameUITestsLaunchTests.swift */ = {isa = PBXFileReference; lastKnownFileType = sourcecode.swift; path = MovingManGameUITestsLaunchTests.swift; sourceTree = "<group>"; };
		D9BF3E492738B27E00BFF812 /* Info.plist */ = {isa = PBXFileReference; lastKnownFileType = text.plist; path = Info.plist; sourceTree = "<group>"; };
		D9CAA36B2738B8F4009922BF /* FirstLevel.sks */ = {isa = PBXFileReference; lastKnownFileType = file.sks; path = FirstLevel.sks; sourceTree = "<group>"; };
		D9CAA36F2738BD9D009922BF /* TileSets.sks */ = {isa = PBXFileReference; lastKnownFileType = file.sks; path = TileSets.sks; sourceTree = "<group>"; };
/* End PBXFileReference section */

/* Begin PBXFrameworksBuildPhase section */
		D9BF3E0C2733789300BFF812 /* Frameworks */ = {
			isa = PBXFrameworksBuildPhase;
			buildActionMask = 2147483647;
			files = (
			);
			runOnlyForDeploymentPostprocessing = 0;
		};
		D9BF3E252733789500BFF812 /* Frameworks */ = {
			isa = PBXFrameworksBuildPhase;
			buildActionMask = 2147483647;
			files = (
			);
			runOnlyForDeploymentPostprocessing = 0;
		};
		D9BF3E2F2733789500BFF812 /* Frameworks */ = {
			isa = PBXFrameworksBuildPhase;
			buildActionMask = 2147483647;
			files = (
			);
			runOnlyForDeploymentPostprocessing = 0;
		};
/* End PBXFrameworksBuildPhase section */

/* Begin PBXGroup section */
		D9BF3E062733789300BFF812 = {
			isa = PBXGroup;
			children = (
				D9BF3E112733789300BFF812 /* MovingManGame */,
				D9BF3E2B2733789500BFF812 /* MovingManGameTests */,
				D9BF3E352733789500BFF812 /* MovingManGameUITests */,
				D9BF3E102733789300BFF812 /* Products */,
			);
			sourceTree = "<group>";
		};
		D9BF3E102733789300BFF812 /* Products */ = {
			isa = PBXGroup;
			children = (
				D9BF3E0F2733789300BFF812 /* MovingManGame.app */,
				D9BF3E282733789500BFF812 /* MovingManGameTests.xctest */,
				D9BF3E322733789500BFF812 /* MovingManGameUITests.xctest */,
			);
			name = Products;
			sourceTree = "<group>";
		};
		D9BF3E112733789300BFF812 /* MovingManGame */ = {
			isa = PBXGroup;
			children = (
				D9BF3E492738B27E00BFF812 /* Info.plist */,
				D9BF3E122733789300BFF812 /* AppDelegate.swift */,
				D9BF3E182733789300BFF812 /* GameScene.swift */,
				D9BF3E1A2733789300BFF812 /* GameViewController.swift */,
				D9BF3E1C2733789300BFF812 /* Main.storyboard */,
				D9BF3E1F2733789500BFF812 /* Assets.xcassets */,
				D9BF3E212733789500BFF812 /* LaunchScreen.storyboard */,
				D9CAA36B2738B8F4009922BF /* FirstLevel.sks */,
				D9CAA36F2738BD9D009922BF /* TileSets.sks */,
			);
			path = MovingManGame;
			sourceTree = "<group>";
		};
		D9BF3E2B2733789500BFF812 /* MovingManGameTests */ = {
			isa = PBXGroup;
			children = (
				D9BF3E2C2733789500BFF812 /* MovingManGameTests.swift */,
			);
			path = MovingManGameTests;
			sourceTree = "<group>";
		};
		D9BF3E352733789500BFF812 /* MovingManGameUITests */ = {
			isa = PBXGroup;
			children = (
				D9BF3E362733789500BFF812 /* MovingManGameUITests.swift */,
				D9BF3E382733789500BFF812 /* MovingManGameUITestsLaunchTests.swift */,
			);
			path = MovingManGameUITests;
			sourceTree = "<group>";
		};
/* End PBXGroup section */

/* Begin PBXNativeTarget section */
		D9BF3E0E2733789300BFF812 /* MovingManGame */ = {
			isa = PBXNativeTarget;
			buildConfigurationList = D9BF3E3C2733789500BFF812 /* Build configuration list for PBXNativeTarget "MovingManGame" */;
			buildPhases = (
				D9BF3E0B2733789300BFF812 /* Sources */,
				D9BF3E0C2733789300BFF812 /* Frameworks */,
				D9BF3E0D2733789300BFF812 /* Resources */,
			);
			buildRules = (
			);
			dependencies = (
			);
			name = MovingManGame;
			productName = MovingManGame;
			productReference = D9BF3E0F2733789300BFF812 /* MovingManGame.app */;
			productType = "com.apple.product-type.application";
		};
		D9BF3E272733789500BFF812 /* MovingManGameTests */ = {
			isa = PBXNativeTarget;
			buildConfigurationList = D9BF3E3F2733789500BFF812 /* Build configuration list for PBXNativeTarget "MovingManGameTests" */;
			buildPhases = (
				D9BF3E242733789500BFF812 /* Sources */,
				D9BF3E252733789500BFF812 /* Frameworks */,
				D9BF3E262733789500BFF812 /* Resources */,
			);
			buildRules = (
			);
			dependencies = (
				D9BF3E2A2733789500BFF812 /* PBXTargetDependency */,
			);
			name = MovingManGameTests;
			productName = MovingManGameTests;
			productReference = D9BF3E282733789500BFF812 /* MovingManGameTests.xctest */;
			productType = "com.apple.product-type.bundle.unit-test";
		};
		D9BF3E312733789500BFF812 /* MovingManGameUITests */ = {
			isa = PBXNativeTarget;
			buildConfigurationList = D9BF3E422733789500BFF812 /* Build configuration list for PBXNativeTarget "MovingManGameUITests" */;
			buildPhases = (
				D9BF3E2E2733789500BFF812 /* Sources */,
				D9BF3E2F2733789500BFF812 /* Frameworks */,
				D9BF3E302733789500BFF812 /* Resources */,
			);
			buildRules = (
			);
			dependencies = (
				D9BF3E342733789500BFF812 /* PBXTargetDependency */,
			);
			name = MovingManGameUITests;
			productName = MovingManGameUITests;
			productReference = D9BF3E322733789500BFF812 /* MovingManGameUITests.xctest */;
			productType = "com.apple.product-type.bundle.ui-testing";
		};
/* End PBXNativeTarget section */

/* Begin PBXProject section */
		D9BF3E072733789300BFF812 /* Project object */ = {
			isa = PBXProject;
			attributes = {
				BuildIndependentTargetsInParallel = 1;
				LastSwiftUpdateCheck = 1300;
				LastUpgradeCheck = 1300;
				TargetAttributes = {
					D9BF3E0E2733789300BFF812 = {
						CreatedOnToolsVersion = 13.0;
					};
					D9BF3E272733789500BFF812 = {
						CreatedOnToolsVersion = 13.0;
						TestTargetID = D9BF3E0E2733789300BFF812;
					};
					D9BF3E312733789500BFF812 = {
						CreatedOnToolsVersion = 13.0;
						TestTargetID = D9BF3E0E2733789300BFF812;
					};
				};
			};
			buildConfigurationList = D9BF3E0A2733789300BFF812 /* Build configuration list for PBXProject "MovingManGame" */;
			compatibilityVersion = "Xcode 13.0";
			developmentRegion = en;
			hasScannedForEncodings = 0;
			knownRegions = (
				en,
				Base,
			);
			mainGroup = D9BF3E062733789300BFF812;
			productRefGroup = D9BF3E102733789300BFF812 /* Products */;
			projectDirPath = "";
			projectRoot = "";
			targets = (
				D9BF3E0E2733789300BFF812 /* MovingManGame */,
				D9BF3E272733789500BFF812 /* MovingManGameTests */,
				D9BF3E312733789500BFF812 /* MovingManGameUITests */,
			);
		};
/* End PBXProject section */

/* Begin PBXResourcesBuildPhase section */
		D9BF3E0D2733789300BFF812 /* Resources */ = {
			isa = PBXResourcesBuildPhase;
			buildActionMask = 2147483647;
			files = (
				D9BF3E1E2733789300BFF812 /* Main.storyboard in Resources */,
				D9CAA36C2738B8F4009922BF /* FirstLevel.sks in Resources */,
				D9CAA3702738BD9D009922BF /* TileSets.sks in Resources */,
				D9BF3E202733789500BFF812 /* Assets.xcassets in Resources */,
				D9BF3E232733789500BFF812 /* LaunchScreen.storyboard in Resources */,
			);
			runOnlyForDeploymentPostprocessing = 0;
		};
		D9BF3E262733789500BFF812 /* Resources */ = {
			isa = PBXResourcesBuildPhase;
			buildActionMask = 2147483647;
			files = (
			);
			runOnlyForDeploymentPostprocessing = 0;
		};
		D9BF3E302733789500BFF812 /* Resources */ = {
			isa = PBXResourcesBuildPhase;
			buildActionMask = 2147483647;
			files = (
			);
			runOnlyForDeploymentPostprocessing = 0;
		};
/* End PBXResourcesBuildPhase section */

/* Begin PBXSourcesBuildPhase section */
		D9BF3E0B2733789300BFF812 /* Sources */ = {
			isa = PBXSourcesBuildPhase;
			buildActionMask = 2147483647;
			files = (
				D9BF3E192733789300BFF812 /* GameScene.swift in Sources */,
				D9BF3E1B2733789300BFF812 /* GameViewController.swift in Sources */,
				D9BF3E132733789300BFF812 /* AppDelegate.swift in Sources */,
			);
			runOnlyForDeploymentPostprocessing = 0;
		};
		D9BF3E242733789500BFF812 /* Sources */ = {
			isa = PBXSourcesBuildPhase;
			buildActionMask = 2147483647;
			files = (
				D9BF3E2D2733789500BFF812 /* MovingManGameTests.swift in Sources */,
			);
			runOnlyForDeploymentPostprocessing = 0;
		};
		D9BF3E2E2733789500BFF812 /* Sources */ = {
			isa = PBXSourcesBuildPhase;
			buildActionMask = 2147483647;
			files = (
				D9BF3E372733789500BFF812 /* MovingManGameUITests.swift in Sources */,
				D9BF3E392733789500BFF812 /* MovingManGameUITestsLaunchTests.swift in Sources */,
			);
			runOnlyForDeploymentPostprocessing = 0;
		};
/* End PBXSourcesBuildPhase section */

/* Begin PBXTargetDependency section */
		D9BF3E2A2733789500BFF812 /* PBXTargetDependency */ = {
			isa = PBXTargetDependency;
			target = D9BF3E0E2733789300BFF812 /* MovingManGame */;
			targetProxy = D9BF3E292733789500BFF812 /* PBXContainerItemProxy */;
		};
		D9BF3E342733789500BFF812 /* PBXTargetDependency */ = {
			isa = PBXTargetDependency;
			target = D9BF3E0E2733789300BFF812 /* MovingManGame */;
			targetProxy = D9BF3E332733789500BFF812 /* PBXContainerItemProxy */;
		};
/* End PBXTargetDependency section */

/* Begin PBXVariantGroup section */
		D9BF3E1C2733789300BFF812 /* Main.storyboard */ = {
			isa = PBXVariantGroup;
			children = (
				D9BF3E1D2733789300BFF812 /* Base */,
			);
			name = Main.storyboard;
			sourceTree = "<group>";
		};
		D9BF3E212733789500BFF812 /* LaunchScreen.storyboard */ = {
			isa = PBXVariantGroup;
			children = (
				D9BF3E222733789500BFF812 /* Base */,
			);
			name = LaunchScreen.storyboard;
			sourceTree = "<group>";
		};
/* End PBXVariantGroup section */

/* Begin XCBuildConfiguration section */
		D9BF3E3A2733789500BFF812 /* Debug */ = {
			isa = XCBuildConfiguration;
			buildSettings = {
				ALWAYS_SEARCH_USER_PATHS = NO;
				CLANG_ANALYZER_NONNULL = YES;
				CLANG_ANALYZER_NUMBER_OBJECT_CONVERSION = YES_AGGRESSIVE;
				CLANG_CXX_LANGUAGE_STANDARD = "gnu++17";
				CLANG_CXX_LIBRARY = "libc++";
				CLANG_ENABLE_MODULES = YES;
				CLANG_ENABLE_OBJC_ARC = YES;
				CLANG_ENABLE_OBJC_WEAK = YES;
				CLANG_WARN_BLOCK_CAPTURE_AUTORELEASING = YES;
				CLANG_WARN_BOOL_CONVERSION = YES;
				CLANG_WARN_COMMA = YES;
				CLANG_WARN_CONSTANT_CONVERSION = YES;
				CLANG_WARN_DEPRECATED_OBJC_IMPLEMENTATIONS = YES;
				CLANG_WARN_DIRECT_OBJC_ISA_USAGE = YES_ERROR;
				CLANG_WARN_DOCUMENTATION_COMMENTS = YES;
				CLANG_WARN_EMPTY_BODY = YES;
				CLANG_WARN_ENUM_CONVERSION = YES;
				CLANG_WARN_INFINITE_RECURSION = YES;
				CLANG_WARN_INT_CONVERSION = YES;
				CLANG_WARN_NON_LITERAL_NULL_CONVERSION = YES;
				CLANG_WARN_OBJC_IMPLICIT_RETAIN_SELF = YES;
				CLANG_WARN_OBJC_LITERAL_CONVERSION = YES;
				CLANG_WARN_OBJC_ROOT_CLASS = YES_ERROR;
				CLANG_WARN_QUOTED_INCLUDE_IN_FRAMEWORK_HEADER = YES;
				CLANG_WARN_RANGE_LOOP_ANALYSIS = YES;
				CLANG_WARN_STRICT_PROTOTYPES = YES;
				CLANG_WARN_SUSPICIOUS_MOVE = YES;
				CLANG_WARN_UNGUARDED_AVAILABILITY = YES_AGGRESSIVE;
				CLANG_WARN_UNREACHABLE_CODE = YES;
				CLANG_WARN__DUPLICATE_METHOD_MATCH = YES;
				COPY_PHASE_STRIP = NO;
				DEBUG_INFORMATION_FORMAT = dwarf;
				ENABLE_STRICT_OBJC_MSGSEND = YES;
				ENABLE_TESTABILITY = YES;
				GCC_C_LANGUAGE_STANDARD = gnu11;
				GCC_DYNAMIC_NO_PIC = NO;
				GCC_NO_COMMON_BLOCKS = YES;
				GCC_OPTIMIZATION_LEVEL = 0;
				GCC_PREPROCESSOR_DEFINITIONS = (
					"DEBUG=1",
					"$(inherited)",
				);
				GCC_WARN_64_TO_32_BIT_CONVERSION = YES;
				GCC_WARN_ABOUT_RETURN_TYPE = YES_ERROR;
				GCC_WARN_UNDECLARED_SELECTOR = YES;
				GCC_WARN_UNINITIALIZED_AUTOS = YES_AGGRESSIVE;
				GCC_WARN_UNUSED_FUNCTION = YES;
				GCC_WARN_UNUSED_VARIABLE = YES;
				IPHONEOS_DEPLOYMENT_TARGET = 15.0;
				MTL_ENABLE_DEBUG_INFO = INCLUDE_SOURCE;
				MTL_FAST_MATH = YES;
				ONLY_ACTIVE_ARCH = YES;
				SDKROOT = iphoneos;
				SWIFT_ACTIVE_COMPILATION_CONDITIONS = DEBUG;
				SWIFT_OPTIMIZATION_LEVEL = "-Onone";
			};
			name = Debug;
		};
		D9BF3E3B2733789500BFF812 /* Release */ = {
			isa = XCBuildConfiguration;
			buildSettings = {
				ALWAYS_SEARCH_USER_PATHS = NO;
				CLANG_ANALYZER_NONNULL = YES;
				CLANG_ANALYZER_NUMBER_OBJECT_CONVERSION = YES_AGGRESSIVE;
				CLANG_CXX_LANGUAGE_STANDARD = "gnu++17";
				CLANG_CXX_LIBRARY = "libc++";
				CLANG_ENABLE_MODULES = YES;
				CLANG_ENABLE_OBJC_ARC = YES;
				CLANG_ENABLE_OBJC_WEAK = YES;
				CLANG_WARN_BLOCK_CAPTURE_AUTORELEASING = YES;
				CLANG_WARN_BOOL_CONVERSION = YES;
				CLANG_WARN_COMMA = YES;
				CLANG_WARN_CONSTANT_CONVERSION = YES;
				CLANG_WARN_DEPRECATED_OBJC_IMPLEMENTATIONS = YES;
				CLANG_WARN_DIRECT_OBJC_ISA_USAGE = YES_ERROR;
				CLANG_WARN_DOCUMENTATION_COMMENTS = YES;
				CLANG_WARN_EMPTY_BODY = YES;
				CLANG_WARN_ENUM_CONVERSION = YES;
				CLANG_WARN_INFINITE_RECURSION = YES;
				CLANG_WARN_INT_CONVERSION = YES;
				CLANG_WARN_NON_LITERAL_NULL_CONVERSION = YES;
				CLANG_WARN_OBJC_IMPLICIT_RETAIN_SELF = YES;
				CLANG_WARN_OBJC_LITERAL_CONVERSION = YES;
				CLANG_WARN_OBJC_ROOT_CLASS = YES_ERROR;
				CLANG_WARN_QUOTED_INCLUDE_IN_FRAMEWORK_HEADER = YES;
				CLANG_WARN_RANGE_LOOP_ANALYSIS = YES;
				CLANG_WARN_STRICT_PROTOTYPES = YES;
				CLANG_WARN_SUSPICIOUS_MOVE = YES;
				CLANG_WARN_UNGUARDED_AVAILABILITY = YES_AGGRESSIVE;
				CLANG_WARN_UNREACHABLE_CODE = YES;
				CLANG_WARN__DUPLICATE_METHOD_MATCH = YES;
				COPY_PHASE_STRIP = NO;
				DEBUG_INFORMATION_FORMAT = "dwarf-with-dsym";
				ENABLE_NS_ASSERTIONS = NO;
				ENABLE_STRICT_OBJC_MSGSEND = YES;
				GCC_C_LANGUAGE_STANDARD = gnu11;
				GCC_NO_COMMON_BLOCKS = YES;
				GCC_WARN_64_TO_32_BIT_CONVERSION = YES;
				GCC_WARN_ABOUT_RETURN_TYPE = YES_ERROR;
				GCC_WARN_UNDECLARED_SELECTOR = YES;
				GCC_WARN_UNINITIALIZED_AUTOS = YES_AGGRESSIVE;
				GCC_WARN_UNUSED_FUNCTION = YES;
				GCC_WARN_UNUSED_VARIABLE = YES;
				IPHONEOS_DEPLOYMENT_TARGET = 15.0;
				MTL_ENABLE_DEBUG_INFO = NO;
				MTL_FAST_MATH = YES;
				SDKROOT = iphoneos;
				SWIFT_COMPILATION_MODE = wholemodule;
				SWIFT_OPTIMIZATION_LEVEL = "-O";
				VALIDATE_PRODUCT = YES;
			};
			name = Release;
		};
		D9BF3E3D2733789500BFF812 /* Debug */ = {
			isa = XCBuildConfiguration;
			buildSettings = {
				ASSETCATALOG_COMPILER_APPICON_NAME = AppIcon;
				ASSETCATALOG_COMPILER_GLOBAL_ACCENT_COLOR_NAME = AccentColor;
				CODE_SIGN_STYLE = Automatic;
				CURRENT_PROJECT_VERSION = 1;
				GENERATE_INFOPLIST_FILE = YES;
				INFOPLIST_FILE = MovingManGame/Info.plist;
				INFOPLIST_KEY_UIApplicationSceneManifest_Generation = YES;
				INFOPLIST_KEY_UIApplicationSupportsIndirectInputEvents = YES;
				INFOPLIST_KEY_UILaunchStoryboardName = LaunchScreen;
				INFOPLIST_KEY_UIMainStoryboardFile = Main;
				INFOPLIST_KEY_UIRequiresFullScreen = YES;
				INFOPLIST_KEY_UIStatusBarHidden = YES;
				INFOPLIST_KEY_UISupportedInterfaceOrientations = UIInterfaceOrientationPortrait;
				INFOPLIST_KEY_UISupportedInterfaceOrientations_iPad = UIInterfaceOrientationPortrait;
				INFOPLIST_KEY_UISupportedInterfaceOrientations_iPhone = "UIInterfaceOrientationPortrait UIInterfaceOrientationLandscapeLeft UIInterfaceOrientationLandscapeRight";
				LD_RUNPATH_SEARCH_PATHS = (
					"$(inherited)",
					"@executable_path/Frameworks",
				);
				MARKETING_VERSION = 1.0;
				PRODUCT_BUNDLE_IDENTIFIER = com.MovingManGame;
				PRODUCT_NAME = "$(TARGET_NAME)";
				SWIFT_EMIT_LOC_STRINGS = YES;
				SWIFT_VERSION = 5.0;
				TARGETED_DEVICE_FAMILY = "1,2";
			};
			name = Debug;
		};
		D9BF3E3E2733789500BFF812 /* Release */ = {
			isa = XCBuildConfiguration;
			buildSettings = {
				ASSETCATALOG_COMPILER_APPICON_NAME = AppIcon;
				ASSETCATALOG_COMPILER_GLOBAL_ACCENT_COLOR_NAME = AccentColor;
				CODE_SIGN_STYLE = Automatic;
				CURRENT_PROJECT_VERSION = 1;
				GENERATE_INFOPLIST_FILE = YES;
				INFOPLIST_FILE = MovingManGame/Info.plist;
				INFOPLIST_KEY_UIApplicationSceneManifest_Generation = YES;
				INFOPLIST_KEY_UIApplicationSupportsIndirectInputEvents = YES;
				INFOPLIST_KEY_UILaunchStoryboardName = LaunchScreen;
				INFOPLIST_KEY_UIMainStoryboardFile = Main;
				INFOPLIST_KEY_UIRequiresFullScreen = YES;
				INFOPLIST_KEY_UIStatusBarHidden = YES;
				INFOPLIST_KEY_UISupportedInterfaceOrientations = UIInterfaceOrientationPortrait;
				INFOPLIST_KEY_UISupportedInterfaceOrientations_iPad = UIInterfaceOrientationPortrait;
				INFOPLIST_KEY_UISupportedInterfaceOrientations_iPhone = "UIInterfaceOrientationPortrait UIInterfaceOrientationLandscapeLeft UIInterfaceOrientationLandscapeRight";
				LD_RUNPATH_SEARCH_PATHS = (
					"$(inherited)",
					"@executable_path/Frameworks",
				);
				MARKETING_VERSION = 1.0;
				PRODUCT_BUNDLE_IDENTIFIER = com.MovingManGame;
				PRODUCT_NAME = "$(TARGET_NAME)";
				SWIFT_EMIT_LOC_STRINGS = YES;
				SWIFT_VERSION = 5.0;
				TARGETED_DEVICE_FAMILY = "1,2";
			};
			name = Release;
		};
		D9BF3E402733789500BFF812 /* Debug */ = {
			isa = XCBuildConfiguration;
			buildSettings = {
				ALWAYS_EMBED_SWIFT_STANDARD_LIBRARIES = YES;
				BUNDLE_LOADER = "$(TEST_HOST)";
				CODE_SIGN_STYLE = Automatic;
				CURRENT_PROJECT_VERSION = 1;
				GENERATE_INFOPLIST_FILE = YES;
				IPHONEOS_DEPLOYMENT_TARGET = 15.0;
				LD_RUNPATH_SEARCH_PATHS = (
					"$(inherited)",
					"@executable_path/Frameworks",
					"@loader_path/Frameworks",
				);
				MARKETING_VERSION = 1.0;
				PRODUCT_BUNDLE_IDENTIFIER = com.MovingManGameTests;
				PRODUCT_NAME = "$(TARGET_NAME)";
				SWIFT_EMIT_LOC_STRINGS = NO;
				SWIFT_VERSION = 5.0;
				TARGETED_DEVICE_FAMILY = "1,2";
				TEST_HOST = "$(BUILT_PRODUCTS_DIR)/MovingManGame.app/MovingManGame";
			};
			name = Debug;
		};
		D9BF3E412733789500BFF812 /* Release */ = {
			isa = XCBuildConfiguration;
			buildSettings = {
				ALWAYS_EMBED_SWIFT_STANDARD_LIBRARIES = YES;
				BUNDLE_LOADER = "$(TEST_HOST)";
				CODE_SIGN_STYLE = Automatic;
				CURRENT_PROJECT_VERSION = 1;
				GENERATE_INFOPLIST_FILE = YES;
				IPHONEOS_DEPLOYMENT_TARGET = 15.0;
				LD_RUNPATH_SEARCH_PATHS = (
					"$(inherited)",
					"@executable_path/Frameworks",
					"@loader_path/Frameworks",
				);
				MARKETING_VERSION = 1.0;
				PRODUCT_BUNDLE_IDENTIFIER = com.MovingManGameTests;
				PRODUCT_NAME = "$(TARGET_NAME)";
				SWIFT_EMIT_LOC_STRINGS = NO;
				SWIFT_VERSION = 5.0;
				TARGETED_DEVICE_FAMILY = "1,2";
				TEST_HOST = "$(BUILT_PRODUCTS_DIR)/MovingManGame.app/MovingManGame";
			};
			name = Release;
		};
		D9BF3E432733789500BFF812 /* Debug */ = {
			isa = XCBuildConfiguration;
			buildSettings = {
				ALWAYS_EMBED_SWIFT_STANDARD_LIBRARIES = YES;
				CODE_SIGN_STYLE = Automatic;
				CURRENT_PROJECT_VERSION = 1;
				GENERATE_INFOPLIST_FILE = YES;
				LD_RUNPATH_SEARCH_PATHS = (
					"$(inherited)",
					"@executable_path/Frameworks",
					"@loader_path/Frameworks",
				);
				MARKETING_VERSION = 1.0;
				PRODUCT_BUNDLE_IDENTIFIER = com.MovingManGameUITests;
				PRODUCT_NAME = "$(TARGET_NAME)";
				SWIFT_EMIT_LOC_STRINGS = NO;
				SWIFT_VERSION = 5.0;
				TARGETED_DEVICE_FAMILY = "1,2";
				TEST_TARGET_NAME = MovingManGame;
			};
			name = Debug;
		};
		D9BF3E442733789500BFF812 /* Release */ = {
			isa = XCBuildConfiguration;
			buildSettings = {
				ALWAYS_EMBED_SWIFT_STANDARD_LIBRARIES = YES;
				CODE_SIGN_STYLE = Automatic;
				CURRENT_PROJECT_VERSION = 1;
				GENERATE_INFOPLIST_FILE = YES;
				LD_RUNPATH_SEARCH_PATHS = (
					"$(inherited)",
					"@executable_path/Frameworks",
					"@loader_path/Frameworks",
				);
				MARKETING_VERSION = 1.0;
				PRODUCT_BUNDLE_IDENTIFIER = com.MovingManGameUITests;
				PRODUCT_NAME = "$(TARGET_NAME)";
				SWIFT_EMIT_LOC_STRINGS = NO;
				SWIFT_VERSION = 5.0;
				TARGETED_DEVICE_FAMILY = "1,2";
				TEST_TARGET_NAME = MovingManGame;
			};
			name = Release;
		};
/* End XCBuildConfiguration section */

/* Begin XCConfigurationList section */
		D9BF3E0A2733789300BFF812 /* Build configuration list for PBXProject "MovingManGame" */ = {
			isa = XCConfigurationList;
			buildConfigurations = (
				D9BF3E3A2733789500BFF812 /* Debug */,
				D9BF3E3B2733789500BFF812 /* Release */,
			);
			defaultConfigurationIsVisible = 0;
			defaultConfigurationName = Release;
		};
		D9BF3E3C2733789500BFF812 /* Build configuration list for PBXNativeTarget "MovingManGame" */ = {
			isa = XCConfigurationList;
			buildConfigurations = (
				D9BF3E3D2733789500BFF812 /* Debug */,
				D9BF3E3E2733789500BFF812 /* Release */,
			);
			defaultConfigurationIsVisible = 0;
			defaultConfigurationName = Release;
		};
		D9BF3E3F2733789500BFF812 /* Build configuration list for PBXNativeTarget "MovingManGameTests" */ = {
			isa = XCConfigurationList;
			buildConfigurations = (
				D9BF3E402733789500BFF812 /* Debug */,
				D9BF3E412733789500BFF812 /* Release */,
			);
			defaultConfigurationIsVisible = 0;
			defaultConfigurationName = Release;
		};
		D9BF3E422733789500BFF812 /* Build configuration list for PBXNativeTarget "MovingManGameUITests" */ = {
			isa = XCConfigurationList;
			buildConfigurations = (
				D9BF3E432733789500BFF812 /* Debug */,
				D9BF3E442733789500BFF812 /* Release */,
			);
			defaultConfigurationIsVisible = 0;
			defaultConfigurationName = Release;
		};
/* End XCConfigurationList section */
	};
	rootObject = D9BF3E072733789300BFF812 /* Project object */;
}
